
Microsoft Visual Studio Solution File, Format Version 12.00
# Visual Studio Version 17
VisualStudioVersion = 17.6.33712.159
MinimumVisualStudioVersion = 10.0.40219.1
Project("{9A19103F-16F7-4668-BE54-9A1E7A4F7556}") = "WebShop", "WebShop\WebShop.csproj", "{C3128DB0-E566-4A2C-A673-624D357C9728}"
EndProject
Global
	GlobalSection(SolutionConfigurationPlatforms) = preSolution
		Debug|Any CPU = Debug|Any CPU
		Release|Any CPU = Release|Any CPU
	EndGlobalSection
	GlobalSection(ProjectConfigurationPlatforms) = postSolution
		{C3128DB0-E566-4A2C-A673-624D357C9728}.Debug|Any CPU.ActiveCfg = Debug|Any CPU
		{C3128DB0-E566-4A2C-A673-624D357C9728}.Debug|Any CPU.Build.0 = Debug|Any CPU
		{C3128DB0-E566-4A2C-A673-624D357C9728}.Release|Any CPU.ActiveCfg = Release|Any CPU
		{C3128DB0-E566-4A2C-A673-624D357C9728}.Release|Any CPU.Build.0 = Release|Any CPU
	EndGlobalSection
	GlobalSection(SolutionProperties) = preSolution
		HideSolutionNode = FALSE
	EndGlobalSection
	GlobalSection(ExtensibilityGlobals) = postSolution
		SolutionGuid = {2EF4C774-833A-4165-98B7-6E35EC09632B}
	EndGlobalSection
EndGlobal
